
Microsoft Visual Studio Solution File, Format Version 12.00
# Visual Studio Version 17
VisualStudioVersion = 17.8.34330.188
MinimumVisualStudioVersion = 10.0.40219.1
Project("{FAE04EC0-301F-11D3-BF4B-00C04F79EFBC}") = "PrimeiroProjeto", "PrimeiroProjeto\PrimeiroProjeto.csproj", "{1AC656EE-ACE1-4C6A-98C3-F9DE52B7ED2A}"
EndProject
Global
	GlobalSection(SolutionConfigurationPlatforms) = preSolution
		Debug|Any CPU = Debug|Any CPU
		Release|Any CPU = Release|Any CPU
	EndGlobalSection
	GlobalSection(ProjectConfigurationPlatforms) = postSolution
		{1AC656EE-ACE1-4C6A-98C3-F9DE52B7ED2A}.Debug|Any CPU.ActiveCfg = Debug|Any CPU
		{1AC656EE-ACE1-4C6A-98C3-F9DE52B7ED2A}.Debug|Any CPU.Build.0 = Debug|Any CPU
		{1AC656EE-ACE1-4C6A-98C3-F9DE52B7ED2A}.Release|Any CPU.ActiveCfg = Release|Any CPU
		{1AC656EE-ACE1-4C6A-98C3-F9DE52B7ED2A}.Release|Any CPU.Build.0 = Release|Any CPU
	EndGlobalSection
	GlobalSection(SolutionProperties) = preSolution
		HideSolutionNode = FALSE
	EndGlobalSection
	GlobalSection(ExtensibilityGlobals) = postSolution
		SolutionGuid = {3DEA7927-FD1F-4BBE-80F3-254BF63912E6}
	EndGlobalSection
EndGlobal
